
Microsoft Visual Studio Solution File, Format Version 12.00
# Visual Studio 15
Project("{FAE04EC0-301F-11D3-BF4B-00C04F79EFBC}") = "Unity.RenderPipelines.Universal.Runtime", "Unity.RenderPipelines.Universal.Runtime.csproj", "{1038B612-A8A7-FB30-0562-6620A10A4BA7}"
EndProject
Project("{FAE04EC0-301F-11D3-BF4B-00C04F79EFBC}") = "Assembly-CSharp-Editor", "Assembly-CSharp-Editor.csproj", "{62908CAE-1441-706D-C76F-2D02BC687530}"
EndProject
Project("{FAE04EC0-301F-11D3-BF4B-00C04F79EFBC}") = "Assembly-CSharp", "Assembly-CSharp.csproj", "{E266910E-4180-16FC-A043-5E523E4D7AC7}"
EndProject
Global
	GlobalSection(SolutionConfigurationPlatforms) = preSolution
		Debug|Any CPU = Debug|Any CPU
		Release|Any CPU = Release|Any CPU
	EndGlobalSection
	GlobalSection(ProjectConfigurationPlatforms) = postSolution
		{1038B612-A8A7-FB30-0562-6620A10A4BA7}.Debug|Any CPU.ActiveCfg = Debug|Any CPU
		{1038B612-A8A7-FB30-0562-6620A10A4BA7}.Debug|Any CPU.Build.0 = Debug|Any CPU
		{1038B612-A8A7-FB30-0562-6620A10A4BA7}.Release|Any CPU.ActiveCfg = Release|Any CPU
		{1038B612-A8A7-FB30-0562-6620A10A4BA7}.Release|Any CPU.Build.0 = Release|Any CPU
		{62908CAE-1441-706D-C76F-2D02BC687530}.Debug|Any CPU.ActiveCfg = Debug|Any CPU
		{62908CAE-1441-706D-C76F-2D02BC687530}.Debug|Any CPU.Build.0 = Debug|Any CPU
		{62908CAE-1441-706D-C76F-2D02BC687530}.Release|Any CPU.ActiveCfg = Release|Any CPU
		{62908CAE-1441-706D-C76F-2D02BC687530}.Release|Any CPU.Build.0 = Release|Any CPU
		{E266910E-4180-16FC-A043-5E523E4D7AC7}.Debug|Any CPU.ActiveCfg = Debug|Any CPU
		{E266910E-4180-16FC-A043-5E523E4D7AC7}.Debug|Any CPU.Build.0 = Debug|Any CPU
		{E266910E-4180-16FC-A043-5E523E4D7AC7}.Release|Any CPU.ActiveCfg = Release|Any CPU
		{E266910E-4180-16FC-A043-5E523E4D7AC7}.Release|Any CPU.Build.0 = Release|Any CPU
	EndGlobalSection
	GlobalSection(SolutionProperties) = preSolution
		HideSolutionNode = FALSE
	EndGlobalSection
EndGlobal
